
Microsoft Visual Studio Solution File, Format Version 12.00
# Visual Studio Version 16
VisualStudioVersion = 16.0.29519.87
MinimumVisualStudioVersion = 10.0.40219.1
Project("{FAE04EC0-301F-11D3-BF4B-00C04F79EFBC}") = "BenefitCard", "BenefitCard\BenefitCard.csproj", "{1A276F75-F7E0-42D7-A4A7-4FDE9E689336}"
EndProject
Global
	GlobalSection(SolutionConfigurationPlatforms) = preSolution
		Debug|Any CPU = Debug|Any CPU
		Release|Any CPU = Release|Any CPU
	EndGlobalSection
	GlobalSection(ProjectConfigurationPlatforms) = postSolution
		{1A276F75-F7E0-42D7-A4A7-4FDE9E689336}.Debug|Any CPU.ActiveCfg = Debug|Any CPU
		{1A276F75-F7E0-42D7-A4A7-4FDE9E689336}.Debug|Any CPU.Build.0 = Debug|Any CPU
		{1A276F75-F7E0-42D7-A4A7-4FDE9E689336}.Release|Any CPU.ActiveCfg = Release|Any CPU
		{1A276F75-F7E0-42D7-A4A7-4FDE9E689336}.Release|Any CPU.Build.0 = Release|Any CPU
	EndGlobalSection
	GlobalSection(SolutionProperties) = preSolution
		HideSolutionNode = FALSE
	EndGlobalSection
	GlobalSection(ExtensibilityGlobals) = postSolution
		SolutionGuid = {BBC304E2-F96D-4335-AFD8-D35FB3BDA476}
	EndGlobalSection
EndGlobal
